
Microsoft Visual Studio Solution File, Format Version 12.00
# Visual Studio Version 17
VisualStudioVersion = 17.6.33815.320
MinimumVisualStudioVersion = 10.0.40219.1
Project("{9A19103F-16F7-4668-BE54-9A1E7A4F7556}") = "InfoPanel", "InfoPanel\InfoPanel.csproj", "{59D47BC5-EBEE-48EC-BCF4-09C4BB0A31A8}"
EndProject
Project("{9A19103F-16F7-4668-BE54-9A1E7A4F7556}") = "TuringSmartScreenLib", "TuringSmartScreenLib\TuringSmartScreenLib.csproj", "{CBFDFBE0-0D45-41E5-B753-5FC13F66224F}"
EndProject
Project("{9A19103F-16F7-4668-BE54-9A1E7A4F7556}") = "TuringSmartScreenLib.Helpers.SkiaSharp", "TuringSmartScreenLib.Helpers.SkiaSharp\TuringSmartScreenLib.Helpers.SkiaSharp.csproj", "{A64DB95F-8BBE-4EF7-B605-C297535F4989}"
EndProject
Project("{9A19103F-16F7-4668-BE54-9A1E7A4F7556}") = "InfoPanel.Contract", "InfoPanel.Contract\InfoPanel.Contract.csproj", "{336F46A0-A634-4B65-9082-DA9C00313658}"
EndProject
Project("{8BC9CEB8-8B4A-11D0-8D11-00A0C91BC942}") = "D2DLib", "D2DLib\d2dlib\D2DLib.vcxproj", "{E0A71FCE-69DD-40A6-87FB-2D63AB5D25C9}"
EndProject
Project("{9A19103F-16F7-4668-BE54-9A1E7A4F7556}") = "D2DLibExport", "D2DLib\D2DLibExport\D2DLibExport.csproj", "{CD635DE5-DBE5-4834-BBB9-98A063CF6328}"
EndProject
Project("{9A19103F-16F7-4668-BE54-9A1E7A4F7556}") = "D2DWinForm", "D2DLib\D2DWinForm\D2DWinForm.csproj", "{80FE01EF-D609-4968-A2EC-B86C4E183ADA}"
EndProject
Global
	GlobalSection(SolutionConfigurationPlatforms) = preSolution
		Debug|Any CPU = Debug|Any CPU
		Debug|x64 = Debug|x64
		Debug|x86 = Debug|x86
		Release|Any CPU = Release|Any CPU
		Release|x64 = Release|x64
		Release|x86 = Release|x86
	EndGlobalSection
	GlobalSection(ProjectConfigurationPlatforms) = postSolution
		{59D47BC5-EBEE-48EC-BCF4-09C4BB0A31A8}.Debug|Any CPU.ActiveCfg = Debug|x64
		{59D47BC5-EBEE-48EC-BCF4-09C4BB0A31A8}.Debug|Any CPU.Build.0 = Debug|x64
		{59D47BC5-EBEE-48EC-BCF4-09C4BB0A31A8}.Debug|x64.ActiveCfg = Debug|x64
		{59D47BC5-EBEE-48EC-BCF4-09C4BB0A31A8}.Debug|x64.Build.0 = Debug|x64
		{59D47BC5-EBEE-48EC-BCF4-09C4BB0A31A8}.Debug|x86.ActiveCfg = Debug|x86
		{59D47BC5-EBEE-48EC-BCF4-09C4BB0A31A8}.Debug|x86.Build.0 = Debug|x86
		{59D47BC5-EBEE-48EC-BCF4-09C4BB0A31A8}.Release|Any CPU.ActiveCfg = Release|x86
		{59D47BC5-EBEE-48EC-BCF4-09C4BB0A31A8}.Release|x64.ActiveCfg = Release|x64
		{59D47BC5-EBEE-48EC-BCF4-09C4BB0A31A8}.Release|x64.Build.0 = Release|x64
		{59D47BC5-EBEE-48EC-BCF4-09C4BB0A31A8}.Release|x86.ActiveCfg = Release|x86
		{59D47BC5-EBEE-48EC-BCF4-09C4BB0A31A8}.Release|x86.Build.0 = Release|x86
		{CBFDFBE0-0D45-41E5-B753-5FC13F66224F}.Debug|Any CPU.ActiveCfg = Debug|Any CPU
		{CBFDFBE0-0D45-41E5-B753-5FC13F66224F}.Debug|Any CPU.Build.0 = Debug|Any CPU
		{CBFDFBE0-0D45-41E5-B753-5FC13F66224F}.Debug|x64.ActiveCfg = Debug|x64
		{CBFDFBE0-0D45-41E5-B753-5FC13F66224F}.Debug|x64.Build.0 = Debug|x64
		{CBFDFBE0-0D45-41E5-B753-5FC13F66224F}.Debug|x86.ActiveCfg = Debug|Any CPU
		{CBFDFBE0-0D45-41E5-B753-5FC13F66224F}.Debug|x86.Build.0 = Debug|Any CPU
		{CBFDFBE0-0D45-41E5-B753-5FC13F66224F}.Release|Any CPU.ActiveCfg = Release|Any CPU
		{CBFDFBE0-0D45-41E5-B753-5FC13F66224F}.Release|Any CPU.Build.0 = Release|Any CPU
		{CBFDFBE0-0D45-41E5-B753-5FC13F66224F}.Release|x64.ActiveCfg = Release|Any CPU
		{CBFDFBE0-0D45-41E5-B753-5FC13F66224F}.Release|x64.Build.0 = Release|Any CPU
		{CBFDFBE0-0D45-41E5-B753-5FC13F66224F}.Release|x86.ActiveCfg = Release|Any CPU
		{CBFDFBE0-0D45-41E5-B753-5FC13F66224F}.Release|x86.Build.0 = Release|Any CPU
		{A64DB95F-8BBE-4EF7-B605-C297535F4989}.Debug|Any CPU.ActiveCfg = Debug|Any CPU
		{A64DB95F-8BBE-4EF7-B605-C297535F4989}.Debug|Any CPU.Build.0 = Debug|Any CPU
		{A64DB95F-8BBE-4EF7-B605-C297535F4989}.Debug|x64.ActiveCfg = Debug|x64
		{A64DB95F-8BBE-4EF7-B605-C297535F4989}.Debug|x64.Build.0 = Debug|x64
		{A64DB95F-8BBE-4EF7-B605-C297535F4989}.Debug|x86.ActiveCfg = Debug|Any CPU
		{A64DB95F-8BBE-4EF7-B605-C297535F4989}.Debug|x86.Build.0 = Debug|Any CPU
		{A64DB95F-8BBE-4EF7-B605-C297535F4989}.Release|Any CPU.ActiveCfg = Release|Any CPU
		{A64DB95F-8BBE-4EF7-B605-C297535F4989}.Release|Any CPU.Build.0 = Release|Any CPU
		{A64DB95F-8BBE-4EF7-B605-C297535F4989}.Release|x64.ActiveCfg = Release|Any CPU
		{A64DB95F-8BBE-4EF7-B605-C297535F4989}.Release|x64.Build.0 = Release|Any CPU
		{A64DB95F-8BBE-4EF7-B605-C297535F4989}.Release|x86.ActiveCfg = Release|Any CPU
		{A64DB95F-8BBE-4EF7-B605-C297535F4989}.Release|x86.Build.0 = Release|Any CPU
		{336F46A0-A634-4B65-9082-DA9C00313658}.Debug|Any CPU.ActiveCfg = Debug|Any CPU
		{336F46A0-A634-4B65-9082-DA9C00313658}.Debug|Any CPU.Build.0 = Debug|Any CPU
		{336F46A0-A634-4B65-9082-DA9C00313658}.Debug|x64.ActiveCfg = Debug|Any CPU
		{336F46A0-A634-4B65-9082-DA9C00313658}.Debug|x64.Build.0 = Debug|Any CPU
		{336F46A0-A634-4B65-9082-DA9C00313658}.Debug|x86.ActiveCfg = Debug|Any CPU
		{336F46A0-A634-4B65-9082-DA9C00313658}.Debug|x86.Build.0 = Debug|Any CPU
		{336F46A0-A634-4B65-9082-DA9C00313658}.Release|Any CPU.ActiveCfg = Release|Any CPU
		{336F46A0-A634-4B65-9082-DA9C00313658}.Release|Any CPU.Build.0 = Release|Any CPU
		{336F46A0-A634-4B65-9082-DA9C00313658}.Release|x64.ActiveCfg = Release|Any CPU
		{336F46A0-A634-4B65-9082-DA9C00313658}.Release|x64.Build.0 = Release|Any CPU
		{336F46A0-A634-4B65-9082-DA9C00313658}.Release|x86.ActiveCfg = Release|Any CPU
		{336F46A0-A634-4B65-9082-DA9C00313658}.Release|x86.Build.0 = Release|Any CPU
		{E0A71FCE-69DD-40A6-87FB-2D63AB5D25C9}.Debug|Any CPU.ActiveCfg = Debug|x64
		{E0A71FCE-69DD-40A6-87FB-2D63AB5D25C9}.Debug|Any CPU.Build.0 = Debug|x64
		{E0A71FCE-69DD-40A6-87FB-2D63AB5D25C9}.Debug|x64.ActiveCfg = Debug|x64
		{E0A71FCE-69DD-40A6-87FB-2D63AB5D25C9}.Debug|x64.Build.0 = Debug|x64
		{E0A71FCE-69DD-40A6-87FB-2D63AB5D25C9}.Debug|x86.ActiveCfg = Debug|Win32
		{E0A71FCE-69DD-40A6-87FB-2D63AB5D25C9}.Debug|x86.Build.0 = Debug|Win32
		{E0A71FCE-69DD-40A6-87FB-2D63AB5D25C9}.Release|Any CPU.ActiveCfg = Release|x64
		{E0A71FCE-69DD-40A6-87FB-2D63AB5D25C9}.Release|Any CPU.Build.0 = Release|x64
		{E0A71FCE-69DD-40A6-87FB-2D63AB5D25C9}.Release|x64.ActiveCfg = Release|x64
		{E0A71FCE-69DD-40A6-87FB-2D63AB5D25C9}.Release|x64.Build.0 = Release|x64
		{E0A71FCE-69DD-40A6-87FB-2D63AB5D25C9}.Release|x86.ActiveCfg = Release|Win32
		{E0A71FCE-69DD-40A6-87FB-2D63AB5D25C9}.Release|x86.Build.0 = Release|Win32
		{CD635DE5-DBE5-4834-BBB9-98A063CF6328}.Debug|Any CPU.ActiveCfg = Debug|x64
		{CD635DE5-DBE5-4834-BBB9-98A063CF6328}.Debug|Any CPU.Build.0 = Debug|x64
		{CD635DE5-DBE5-4834-BBB9-98A063CF6328}.Debug|x64.ActiveCfg = Debug|x64
		{CD635DE5-DBE5-4834-BBB9-98A063CF6328}.Debug|x64.Build.0 = Debug|x64
		{CD635DE5-DBE5-4834-BBB9-98A063CF6328}.Debug|x86.ActiveCfg = Debug|x86
		{CD635DE5-DBE5-4834-BBB9-98A063CF6328}.Debug|x86.Build.0 = Debug|x86
		{CD635DE5-DBE5-4834-BBB9-98A063CF6328}.Release|Any CPU.ActiveCfg = Release|x64
		{CD635DE5-DBE5-4834-BBB9-98A063CF6328}.Release|Any CPU.Build.0 = Release|x64
		{CD635DE5-DBE5-4834-BBB9-98A063CF6328}.Release|x64.ActiveCfg = Release|x64
		{CD635DE5-DBE5-4834-BBB9-98A063CF6328}.Release|x64.Build.0 = Release|x64
		{CD635DE5-DBE5-4834-BBB9-98A063CF6328}.Release|x86.ActiveCfg = Release|x86
		{CD635DE5-DBE5-4834-BBB9-98A063CF6328}.Release|x86.Build.0 = Release|x86
		{80FE01EF-D609-4968-A2EC-B86C4E183ADA}.Debug|Any CPU.ActiveCfg = Debug|x64
		{80FE01EF-D609-4968-A2EC-B86C4E183ADA}.Debug|Any CPU.Build.0 = Debug|x64
		{80FE01EF-D609-4968-A2EC-B86C4E183ADA}.Debug|x64.ActiveCfg = Debug|x64
		{80FE01EF-D609-4968-A2EC-B86C4E183ADA}.Debug|x64.Build.0 = Debug|x64
		{80FE01EF-D609-4968-A2EC-B86C4E183ADA}.Debug|x86.ActiveCfg = Debug|x86
		{80FE01EF-D609-4968-A2EC-B86C4E183ADA}.Debug|x86.Build.0 = Debug|x86
		{80FE01EF-D609-4968-A2EC-B86C4E183ADA}.Release|Any CPU.ActiveCfg = Release|x64
		{80FE01EF-D609-4968-A2EC-B86C4E183ADA}.Release|Any CPU.Build.0 = Release|x64
		{80FE01EF-D609-4968-A2EC-B86C4E183ADA}.Release|x64.ActiveCfg = Release|x64
		{80FE01EF-D609-4968-A2EC-B86C4E183ADA}.Release|x64.Build.0 = Release|x64
		{80FE01EF-D609-4968-A2EC-B86C4E183ADA}.Release|x86.ActiveCfg = Release|x86
		{80FE01EF-D609-4968-A2EC-B86C4E183ADA}.Release|x86.Build.0 = Release|x86
	EndGlobalSection
	GlobalSection(SolutionProperties) = preSolution
		HideSolutionNode = FALSE
	EndGlobalSection
	GlobalSection(ExtensibilityGlobals) = postSolution
		SolutionGuid = {54178D89-7897-4140-AFF9-3F1F8825FCFF}
	EndGlobalSection
EndGlobal
