
Microsoft Visual Studio Solution File, Format Version 12.00
# Visual Studio Version 17
VisualStudioVersion = 17.6.33815.320
MinimumVisualStudioVersion = 10.0.40219.1
Project("{9A19103F-16F7-4668-BE54-9A1E7A4F7556}") = "InfoPanel", "InfoPanel\InfoPanel.csproj", "{59D47BC5-EBEE-48EC-BCF4-09C4BB0A31A8}"
EndProject
Project("{FAE04EC0-301F-11D3-BF4B-00C04F79EFBC}") = "InfoPanel.Plugins", "InfoPanel.Plugins\InfoPanel.Plugins.csproj", "{903C16DD-BF96-44B7-B058-17F587194E89}"
EndProject
Project("{FAE04EC0-301F-11D3-BF4B-00C04F79EFBC}") = "InfoPanel.Plugins.Simulator", "InfoPanel.Plugins.Simulator\InfoPanel.Plugins.Simulator.csproj", "{2573766B-535D-49FC-867F-5255568A1940}"
EndProject
Project("{FAE04EC0-301F-11D3-BF4B-00C04F79EFBC}") = "InfoPanel.Plugins.Loader", "InfoPanel.Plugins.Loader\InfoPanel.Plugins.Loader.csproj", "{299B147B-6B0C-430F-9B91-AC1FB80AAF95}"
EndProject
Project("{FAE04EC0-301F-11D3-BF4B-00C04F79EFBC}") = "InfoPanel.Extras", "InfoPanel.Extras\InfoPanel.Extras.csproj", "{53662165-B047-4425-92F9-991221173CF4}"
EndProject
Global
	GlobalSection(SolutionConfigurationPlatforms) = preSolution
		Debug|x64 = Debug|x64
		Release|x64 = Release|x64
	EndGlobalSection
	GlobalSection(ProjectConfigurationPlatforms) = postSolution
		{59D47BC5-EBEE-48EC-BCF4-09C4BB0A31A8}.Debug|x64.ActiveCfg = Debug|x64
		{59D47BC5-EBEE-48EC-BCF4-09C4BB0A31A8}.Debug|x64.Build.0 = Debug|x64
		{59D47BC5-EBEE-48EC-BCF4-09C4BB0A31A8}.Release|x64.ActiveCfg = Release|x64
		{59D47BC5-EBEE-48EC-BCF4-09C4BB0A31A8}.Release|x64.Build.0 = Release|x64
		{903C16DD-BF96-44B7-B058-17F587194E89}.Debug|x64.ActiveCfg = Debug|Any CPU
		{903C16DD-BF96-44B7-B058-17F587194E89}.Debug|x64.Build.0 = Debug|Any CPU
		{903C16DD-BF96-44B7-B058-17F587194E89}.Release|x64.ActiveCfg = Release|Any CPU
		{903C16DD-BF96-44B7-B058-17F587194E89}.Release|x64.Build.0 = Release|Any CPU
		{2573766B-535D-49FC-867F-5255568A1940}.Debug|x64.ActiveCfg = Debug|Any CPU
		{2573766B-535D-49FC-867F-5255568A1940}.Debug|x64.Build.0 = Debug|Any CPU
		{2573766B-535D-49FC-867F-5255568A1940}.Release|x64.ActiveCfg = Release|Any CPU
		{2573766B-535D-49FC-867F-5255568A1940}.Release|x64.Build.0 = Release|Any CPU
		{299B147B-6B0C-430F-9B91-AC1FB80AAF95}.Debug|x64.ActiveCfg = Debug|Any CPU
		{299B147B-6B0C-430F-9B91-AC1FB80AAF95}.Debug|x64.Build.0 = Debug|Any CPU
		{299B147B-6B0C-430F-9B91-AC1FB80AAF95}.Release|x64.ActiveCfg = Release|Any CPU
		{299B147B-6B0C-430F-9B91-AC1FB80AAF95}.Release|x64.Build.0 = Release|Any CPU
		{53662165-B047-4425-92F9-991221173CF4}.Debug|x64.ActiveCfg = Debug|Any CPU
		{53662165-B047-4425-92F9-991221173CF4}.Debug|x64.Build.0 = Debug|Any CPU
		{53662165-B047-4425-92F9-991221173CF4}.Release|x64.ActiveCfg = Release|Any CPU
		{53662165-B047-4425-92F9-991221173CF4}.Release|x64.Build.0 = Release|Any CPU
	EndGlobalSection
	GlobalSection(SolutionProperties) = preSolution
		HideSolutionNode = FALSE
	EndGlobalSection
	GlobalSection(ExtensibilityGlobals) = postSolution
		SolutionGuid = {54178D89-7897-4140-AFF9-3F1F8825FCFF}
	EndGlobalSection
EndGlobal
