
Microsoft Visual Studio Solution File, Format Version 12.00
# Visual Studio Version 17
VisualStudioVersion = 17.9.34728.123
MinimumVisualStudioVersion = 10.0.40219.1
Project("{9A19103F-16F7-4668-BE54-9A1E7A4F7556}") = "InfoPanel.Plugins", "..\InfoPanel.Plugins\InfoPanel.Plugins.csproj", "{1A12BF39-74AF-4717-940D-5AF97F1EEAAF}"
EndProject
Project("{9A19103F-16F7-4668-BE54-9A1E7A4F7556}") = "InfoPanel.TestPlugin", "InfoPanel.TestPlugin\InfoPanel.TestPlugin.csproj", "{B7E7CAD7-0871-4F5F-A575-0218A3621090}"
EndProject
Project("{FAE04EC0-301F-11D3-BF4B-00C04F79EFBC}") = "InfoPanel.TestPlugin2", "InfoPanel.TestPlugin2\InfoPanel.TestPlugin2.csproj", "{A8FFA74B-3BE9-42FE-8B2A-387C073DF6CC}"
EndProject
Global
	GlobalSection(SolutionConfigurationPlatforms) = preSolution
		Debug|Any CPU = Debug|Any CPU
		Debug|x64 = Debug|x64
		Release|Any CPU = Release|Any CPU
		Release|x64 = Release|x64
	EndGlobalSection
	GlobalSection(ProjectConfigurationPlatforms) = postSolution
		{1A12BF39-74AF-4717-940D-5AF97F1EEAAF}.Debug|Any CPU.ActiveCfg = Debug|x64
		{1A12BF39-74AF-4717-940D-5AF97F1EEAAF}.Debug|Any CPU.Build.0 = Debug|x64
		{1A12BF39-74AF-4717-940D-5AF97F1EEAAF}.Debug|x64.ActiveCfg = Debug|x64
		{1A12BF39-74AF-4717-940D-5AF97F1EEAAF}.Debug|x64.Build.0 = Debug|x64
		{1A12BF39-74AF-4717-940D-5AF97F1EEAAF}.Release|Any CPU.ActiveCfg = Release|x64
		{1A12BF39-74AF-4717-940D-5AF97F1EEAAF}.Release|Any CPU.Build.0 = Release|x64
		{1A12BF39-74AF-4717-940D-5AF97F1EEAAF}.Release|x64.ActiveCfg = Release|x64
		{1A12BF39-74AF-4717-940D-5AF97F1EEAAF}.Release|x64.Build.0 = Release|x64
		{B7E7CAD7-0871-4F5F-A575-0218A3621090}.Debug|Any CPU.ActiveCfg = Debug|Any CPU
		{B7E7CAD7-0871-4F5F-A575-0218A3621090}.Debug|Any CPU.Build.0 = Debug|Any CPU
		{B7E7CAD7-0871-4F5F-A575-0218A3621090}.Debug|x64.ActiveCfg = Debug|Any CPU
		{B7E7CAD7-0871-4F5F-A575-0218A3621090}.Debug|x64.Build.0 = Debug|Any CPU
		{B7E7CAD7-0871-4F5F-A575-0218A3621090}.Release|Any CPU.ActiveCfg = Release|Any CPU
		{B7E7CAD7-0871-4F5F-A575-0218A3621090}.Release|Any CPU.Build.0 = Release|Any CPU
		{B7E7CAD7-0871-4F5F-A575-0218A3621090}.Release|x64.ActiveCfg = Release|Any CPU
		{B7E7CAD7-0871-4F5F-A575-0218A3621090}.Release|x64.Build.0 = Release|Any CPU
		{A8FFA74B-3BE9-42FE-8B2A-387C073DF6CC}.Debug|Any CPU.ActiveCfg = Debug|Any CPU
		{A8FFA74B-3BE9-42FE-8B2A-387C073DF6CC}.Debug|Any CPU.Build.0 = Debug|Any CPU
		{A8FFA74B-3BE9-42FE-8B2A-387C073DF6CC}.Debug|x64.ActiveCfg = Debug|Any CPU
		{A8FFA74B-3BE9-42FE-8B2A-387C073DF6CC}.Debug|x64.Build.0 = Debug|Any CPU
		{A8FFA74B-3BE9-42FE-8B2A-387C073DF6CC}.Release|Any CPU.ActiveCfg = Release|Any CPU
		{A8FFA74B-3BE9-42FE-8B2A-387C073DF6CC}.Release|Any CPU.Build.0 = Release|Any CPU
		{A8FFA74B-3BE9-42FE-8B2A-387C073DF6CC}.Release|x64.ActiveCfg = Release|Any CPU
		{A8FFA74B-3BE9-42FE-8B2A-387C073DF6CC}.Release|x64.Build.0 = Release|Any CPU
	EndGlobalSection
	GlobalSection(SolutionProperties) = preSolution
		HideSolutionNode = FALSE
	EndGlobalSection
	GlobalSection(ExtensibilityGlobals) = postSolution
		SolutionGuid = {164BC06E-A5C3-4AE8-950C-D2E985C3D585}
	EndGlobalSection
EndGlobal
