{
  "version": 1,
  "dependencies": {
    "net8.0-windows7.0": {
      "NAudio.Wasapi": {
        "type": "Direct",
        "requested": "[2.2.1, )",
        "resolved": "2.2.1",
        "contentHash": "lFfXoqacZZe0WqNChJgGYI+XV/n/61LzPHT3C1CJp4khoxeo2sziyX5wzNYWeCMNbsWxFvT3b3iXeY1UYjBhZw==",
        "dependencies": {
          "NAudio.Core": "2.2.1"
        }
      },
      "OpenWeatherMap.Cache": {
        "type": "Direct",
        "requested": "[3.0.0, )",
        "resolved": "3.0.0",
        "contentHash": "blsRPylhCTnn0+KC7MEvG1YjwLxjj9EJahHH66DzUmeF25vRKE5fxVzNzPBbHZHP8vdwuTN0HBYYiwDSVtf4qQ==",
        "dependencies": {
          "AsyncKeyedLock": "8.0.2",
          "Microsoft.Extensions.Caching.Memory": "[10.0.5, 11.0.0)",
          "Microsoft.Extensions.DependencyInjection.Abstractions": "[10.0.5, 11.0.0)",
          "Microsoft.Extensions.Http": "[10.0.5, 11.0.0)",
          "System.Text.Json": "[10.0.5, 11.0.0)",
          "UnitsNet": "5.75.0"
        }
      },
      "Sentry": {
        "type": "Direct",
        "requested": "[5.16.1, )",
        "resolved": "5.16.1",
        "contentHash": "Ji9rBurSp5pUTHkZg1KLyODVQWeGlZfLHybpdfWvUEfrNlVyBvujOPi2sZVb6Y+KfphpKtuUF+138gqIkO0K5A=="
      },
      "Serilog": {
        "type": "Direct",
        "requested": "[4.3.0, )",
        "resolved": "4.3.0",
        "contentHash": "+cDryFR0GRhsGOnZSKwaDzRRl4MupvJ42FhCE4zhQRVanX0Jpg6WuCBk59OVhVDPmab1bB+nRykAnykYELA9qQ=="
      },
      "System.Diagnostics.PerformanceCounter": {
        "type": "Direct",
        "requested": "[10.0.3, )",
        "resolved": "10.0.3",
        "contentHash": "pQHdkk3QNDYRsNzWVUIamlTiHb3/I50PxGXMRaEqiLmUe+FkInuMj92lCOhvTT6KbLlnMWGRgZq1rDaMJdQixw==",
        "dependencies": {
          "System.Configuration.ConfigurationManager": "10.0.3",
          "System.Threading.AccessControl": "10.0.3"
        }
      },
      "AsyncKeyedLock": {
        "type": "Transitive",
        "resolved": "8.0.2",
        "contentHash": "QGys5cnIerNryv7V14PDkvGnlLz69kJtTfdnr+Lndcu+lRre397RNyU4FIeAJWgI9u73lTzXL52Qca9B/ncLXw==",
        "dependencies": {
          "System.Threading.Tasks.Extensions": "4.6.3"
        }
      },
      "Microsoft.Extensions.Caching.Abstractions": {
        "type": "Transitive",
        "resolved": "10.0.5",
        "contentHash": "k/QDdQ94/0Shi0KfU+e12m73jfQo+3JpErTtgpZfsCIqkvdEEO0XIx6R+iTbN55rNPaNhOqNY4/sB+jZ8XxVPw==",
        "dependencies": {
          "Microsoft.Extensions.Primitives": "10.0.5"
        }
      },
      "Microsoft.Extensions.Caching.Memory": {
        "type": "Transitive",
        "resolved": "10.0.5",
        "contentHash": "jUEXmkBUPdOS/MP9areK/sbKhdklq9+tEhvwfxGalZVnmyLUO5rrheNNutUBtvbZ7J8ECkG7/r2KXi/IFC06cA==",
        "dependencies": {
          "Microsoft.Extensions.Caching.Abstractions": "10.0.5",
          "Microsoft.Extensions.DependencyInjection.Abstractions": "10.0.5",
          "Microsoft.Extensions.Logging.Abstractions": "10.0.5",
          "Microsoft.Extensions.Options": "10.0.5",
          "Microsoft.Extensions.Primitives": "10.0.5"
        }
      },
      "Microsoft.Extensions.Configuration": {
        "type": "Transitive",
        "resolved": "10.0.5",
        "contentHash": "8Rx5sqg04FttxrumyG6bmoRuFRgYzK6IVwF1i0/o0cXfKBdDeVpJejKHtJCMjyg9E/DNMVqpqOGe/tCT5gYvVA==",
        "dependencies": {
          "Microsoft.Extensions.Configuration.Abstractions": "10.0.5",
          "Microsoft.Extensions.Primitives": "10.0.5"
        }
      },
      "Microsoft.Extensions.Configuration.Abstractions": {
        "type": "Transitive",
        "resolved": "10.0.5",
        "contentHash": "P09QpTHjqHmCLQOTC+WyLkoRNxek4NIvfWt+TnU0etoDUSRxcltyd6+j/ouRbMdLR0j44GqGO+lhI2M4fAHG4g==",
        "dependencies": {
          "Microsoft.Extensions.Primitives": "10.0.5"
        }
      },
      "Microsoft.Extensions.Configuration.Binder": {
        "type": "Transitive",
        "resolved": "10.0.5",
        "contentHash": "99Z4rjyXopb1MIazDSPcvwYCUdYNO01Cf1GUs2WUjIFAbkGmwzj2vPa2k+3pheJRV+YgNd2QqRKHAri0oBAU4Q==",
        "dependencies": {
          "Microsoft.Extensions.Configuration": "10.0.5",
          "Microsoft.Extensions.Configuration.Abstractions": "10.0.5"
        }
      },
      "Microsoft.Extensions.DependencyInjection": {
        "type": "Transitive",
        "resolved": "10.0.5",
        "contentHash": "v1SVsowG6YE1YnHVGmLWz57YTRCQRx9pH5ebIESXfm5isI9gA3QaMyg/oMTzPpXYZwSAVDzYItGJKfmV+pqXkQ==",
        "dependencies": {
          "Microsoft.Extensions.DependencyInjection.Abstractions": "10.0.5"
        }
      },
      "Microsoft.Extensions.DependencyInjection.Abstractions": {
        "type": "Transitive",
        "resolved": "10.0.5",
        "contentHash": "iVMtq9eRvzyhx8949EGT0OCYJfXi737SbRVzWXE5GrOgGj5AaZ9eUuxA/BSUfmOMALKn/g8KfFaNQw0eiB3lyA=="
      },
      "Microsoft.Extensions.Diagnostics": {
        "type": "Transitive",
        "resolved": "10.0.5",
        "contentHash": "vAJHd4yOpmKoK+jBuYV7a3y+Ab9U4ARCc29b6qvMy276RgJFw9LFs0DdsPqOL3ahwzyrX7tM+i4cCxU/RX0qAg==",
        "dependencies": {
          "Microsoft.Extensions.Configuration": "10.0.5",
          "Microsoft.Extensions.Diagnostics.Abstractions": "10.0.5",
          "Microsoft.Extensions.Options.ConfigurationExtensions": "10.0.5"
        }
      },
      "Microsoft.Extensions.Diagnostics.Abstractions": {
        "type": "Transitive",
        "resolved": "10.0.5",
        "contentHash": "/nYGrpa9/0BZofrVpBbbj+Ns8ZesiPE0V/KxsuHgDgHQopIzN54nRaQGSuvPw16/kI9sW1Zox5yyAPqvf0Jz6A==",
        "dependencies": {
          "Microsoft.Extensions.DependencyInjection.Abstractions": "10.0.5",
          "Microsoft.Extensions.Options": "10.0.5",
          "System.Diagnostics.DiagnosticSource": "10.0.5"
        }
      },
      "Microsoft.Extensions.Http": {
        "type": "Transitive",
        "resolved": "10.0.5",
        "contentHash": "AiFvHYM8nP0wPC7bGPI3NHQlSYSLqjjT7DMJUuuxhd+7pz3O89iu2gdQfgACy5DxsXENiok5i1bMacJL7KR8jA==",
        "dependencies": {
          "Microsoft.Extensions.Configuration.Abstractions": "10.0.5",
          "Microsoft.Extensions.DependencyInjection.Abstractions": "10.0.5",
          "Microsoft.Extensions.Diagnostics": "10.0.5",
          "Microsoft.Extensions.Logging": "10.0.5",
          "Microsoft.Extensions.Logging.Abstractions": "10.0.5",
          "Microsoft.Extensions.Options": "10.0.5"
        }
      },
      "Microsoft.Extensions.Logging": {
        "type": "Transitive",
        "resolved": "10.0.5",
        "contentHash": "+XTMKQyDWg4ODoNHU/BN3BaI1jhGO7VCS+BnzT/4IauiG6y2iPAte7MyD7rHKS+hNP0TkFkjrae8DFjDUxtcxg==",
        "dependencies": {
          "Microsoft.Extensions.DependencyInjection": "10.0.5",
          "Microsoft.Extensions.Logging.Abstractions": "10.0.5",
          "Microsoft.Extensions.Options": "10.0.5"
        }
      },
      "Microsoft.Extensions.Logging.Abstractions": {
        "type": "Transitive",
        "resolved": "10.0.5",
        "contentHash": "9HOdqlDtPptVcmKAjsQ/Nr5Rxfq6FMYLdhvZh1lVmeKR738qeYecQD7+ldooXf+u2KzzR1kafSphWngIM3C6ug==",
        "dependencies": {
          "Microsoft.Extensions.DependencyInjection.Abstractions": "10.0.5",
          "System.Diagnostics.DiagnosticSource": "10.0.5"
        }
      },
      "Microsoft.Extensions.Options": {
        "type": "Transitive",
        "resolved": "10.0.5",
        "contentHash": "MDaQMdUplw0AIRhWWmbLA7yQEXaLIHb+9CTroTiNS8OlI0LMXS4LCxtopqauiqGCWlRgJ+xyraVD8t6veRAFbw==",
        "dependencies": {
          "Microsoft.Extensions.DependencyInjection.Abstractions": "10.0.5",
          "Microsoft.Extensions.Primitives": "10.0.5"
        }
      },
      "Microsoft.Extensions.Options.ConfigurationExtensions": {
        "type": "Transitive",
        "resolved": "10.0.5",
        "contentHash": "BB9uUW3+6Rxu1R97OB1H/13lUF8P2+H1+eDhpZlK30kDh/6E4EKHBUqTp+ilXQmZLzsRErxON8aBSR6WpUKJdg==",
        "dependencies": {
          "Microsoft.Extensions.Configuration.Abstractions": "10.0.5",
          "Microsoft.Extensions.Configuration.Binder": "10.0.5",
          "Microsoft.Extensions.DependencyInjection.Abstractions": "10.0.5",
          "Microsoft.Extensions.Options": "10.0.5",
          "Microsoft.Extensions.Primitives": "10.0.5"
        }
      },
      "Microsoft.Extensions.Primitives": {
        "type": "Transitive",
        "resolved": "10.0.5",
        "contentHash": "/HUHJ0tw/LQvD0DZrz50eQy/3z7PfX7WWEaXnjKTV9/TNdcgFlNTZGo49QhS7PTmhDqMyHRMqAXSBxLh0vso4g=="
      },
      "NAudio.Core": {
        "type": "Transitive",
        "resolved": "2.2.1",
        "contentHash": "GgkdP6K/7FqXFo7uHvoqGZTJvW4z8g2IffhOO4JHaLzKCdDOUEzVKtveoZkCuUX8eV2HAINqi7VFqlFndrnz/g=="
      },
      "System.Configuration.ConfigurationManager": {
        "type": "Transitive",
        "resolved": "10.0.3",
        "contentHash": "69ZT/MYxQSxwdiiHRtI08noXiG5drj/bXDDZISmeWkNUtbIfYgmTiof16tCVOLTdmSQY7W7gwxkMliKdreWHGQ==",
        "dependencies": {
          "System.Diagnostics.EventLog": "10.0.3",
          "System.Security.Cryptography.ProtectedData": "10.0.3"
        }
      },
      "System.Diagnostics.DiagnosticSource": {
        "type": "Transitive",
        "resolved": "10.0.5",
        "contentHash": "CCbzHQ26L3jskdwHh+4bxxW84lUMIrAAmeSlpO69AlrQV0DKbj1/I+feLaLSuZeqXPr9UlSy0OcgZoXOk2a6/g=="
      },
      "System.Diagnostics.EventLog": {
        "type": "Transitive",
        "resolved": "10.0.3",
        "contentHash": "+bZnyzt0/vt4g3QSllhsRNGTpa09p7Juy5K8spcK73cOTOefu4+HoY89hZOgIOmzB5A4hqPyEDKnzra7KKnhZw=="
      },
      "System.IO.Pipelines": {
        "type": "Transitive",
        "resolved": "10.0.5",
        "contentHash": "8/ZHN/j2y1t+7McdCf1wXku2/c7wtrGLz3WQabIoPuLAn3bHDWT6YOJYreJq8sCMPSo6c8iVYXUdLlFGX5PEqw=="
      },
      "System.Security.Cryptography.ProtectedData": {
        "type": "Transitive",
        "resolved": "10.0.3",
        "contentHash": "JCKbH/CN5l0CSoJBILEvJmNQVp5vV+FY3q2ue4K9p4eDT4mFEv0bjTQCV+MD6Qk1b/qk9fWmZZKhG1TklbXw1Q=="
      },
      "System.Text.Encodings.Web": {
        "type": "Transitive",
        "resolved": "10.0.5",
        "contentHash": "opvD/nKTzGKA7GVntZ9L823kN6IxgHQfuxY+VI9gv8VE1Y7CSKoi/QS1EYDQiA63MqtZsD7X6zkISd2ZQJohTQ=="
      },
      "System.Text.Json": {
        "type": "Transitive",
        "resolved": "10.0.5",
        "contentHash": "vW2zhkWziyfhoSXNf42mTWyilw+vfwBGOsODDsHSFtOIY6LCgfRVUyaAilLEL4Kc1fzhaxcep5pS0VWYPSDW0w==",
        "dependencies": {
          "System.IO.Pipelines": "10.0.5",
          "System.Text.Encodings.Web": "10.0.5"
        }
      },
      "System.Threading.AccessControl": {
        "type": "Transitive",
        "resolved": "10.0.3",
        "contentHash": "PO3IM2ZXOJTjuuFDYMP62i290J41y891C+ytTa1HCDUo5FdywK/Ro6jflWHmbgZ2tz62EhRDa8WIT2vVJX45AQ=="
      },
      "System.Threading.Tasks.Extensions": {
        "type": "Transitive",
        "resolved": "4.6.3",
        "contentHash": "7sCiwilJLYbTZELaKnc7RecBBXWXA+xMLQWZKWawBxYjp6DBlSE3v9/UcvKBvr1vv2tTOhipiogM8rRmxlhrVA=="
      },
      "UnitsNet": {
        "type": "Transitive",
        "resolved": "5.75.0",
        "contentHash": "CgzvfvE2FaFE+swo7SzZFjhosmh4GpiVJ7Y1N4cQ1qChaUaw3ymw4al+ZxpoBh1RFoo88d+fo2SG194P9G1X+A=="
      },
      "infopanel.plugins": {
        "type": "Project"
      }
    },
    "net8.0-windows7.0/win-x64": {
      "System.Diagnostics.PerformanceCounter": {
        "type": "Direct",
        "requested": "[10.0.3, )",
        "resolved": "10.0.3",
        "contentHash": "pQHdkk3QNDYRsNzWVUIamlTiHb3/I50PxGXMRaEqiLmUe+FkInuMj92lCOhvTT6KbLlnMWGRgZq1rDaMJdQixw==",
        "dependencies": {
          "System.Configuration.ConfigurationManager": "10.0.3",
          "System.Threading.AccessControl": "10.0.3"
        }
      },
      "System.Diagnostics.EventLog": {
        "type": "Transitive",
        "resolved": "10.0.3",
        "contentHash": "+bZnyzt0/vt4g3QSllhsRNGTpa09p7Juy5K8spcK73cOTOefu4+HoY89hZOgIOmzB5A4hqPyEDKnzra7KKnhZw=="
      },
      "System.Text.Encodings.Web": {
        "type": "Transitive",
        "resolved": "10.0.5",
        "contentHash": "opvD/nKTzGKA7GVntZ9L823kN6IxgHQfuxY+VI9gv8VE1Y7CSKoi/QS1EYDQiA63MqtZsD7X6zkISd2ZQJohTQ=="
      },
      "System.Threading.AccessControl": {
        "type": "Transitive",
        "resolved": "10.0.3",
        "contentHash": "PO3IM2ZXOJTjuuFDYMP62i290J41y891C+ytTa1HCDUo5FdywK/Ro6jflWHmbgZ2tz62EhRDa8WIT2vVJX45AQ=="
      }
    }
  }
}