{
  "version": 1,
  "dependencies": {
    "net8.0-windows7.0": {
      "ini-parser-netstandard": {
        "type": "Direct",
        "requested": "[2.5.2, )",
        "resolved": "2.5.2",
        "contentHash": "rTyGzgT/a+mD2HxopOGpb/yWWhu5TTPgF59XUlHjhlNv7dbt9DME/qozIR7HreVAVpNnZSqP9A8TeViK5s949g=="
      },
      "NAudio.Wasapi": {
        "type": "Direct",
        "requested": "[2.2.1, )",
        "resolved": "2.2.1",
        "contentHash": "lFfXoqacZZe0WqNChJgGYI+XV/n/61LzPHT3C1CJp4khoxeo2sziyX5wzNYWeCMNbsWxFvT3b3iXeY1UYjBhZw==",
        "dependencies": {
          "NAudio.Core": "2.2.1"
        }
      },
      "OpenWeatherMap.Standard": {
        "type": "Direct",
        "requested": "[3.0.0, )",
        "resolved": "3.0.0",
        "contentHash": "ZnFtrgYLqDodrueec1Vq1etJ9Ks/jDwky3kc5tnGQWtrJ64KQ+NZKtQFjtMJEsLg+827NPko+JNcU6UiBjyrvA==",
        "dependencies": {
          "Newtonsoft.Json": "13.0.3"
        }
      },
      "Serilog": {
        "type": "Direct",
        "requested": "[4.1.0, )",
        "resolved": "4.1.0",
        "contentHash": "u1aZI8HZ62LWlq5dZLFwm6jMax/sUwnWZSw5lkPsCt518cJBxFKoNmc7oSxe5aA5BgSkzy9rzwFGR/i/acnSPw=="
      },
      "System.Diagnostics.PerformanceCounter": {
        "type": "Direct",
        "requested": "[9.0.2, )",
        "resolved": "9.0.2",
        "contentHash": "hRq8SBG2CYALIJqOYLsZW749wITem4JTXIL0YxYfovWSbCKF6Eu1AEMJ54Va1rg2I5o3aTD6QvBaRw4x/v7Sfw==",
        "dependencies": {
          "System.Configuration.ConfigurationManager": "9.0.2"
        }
      },
      "NAudio.Core": {
        "type": "Transitive",
        "resolved": "2.2.1",
        "contentHash": "GgkdP6K/7FqXFo7uHvoqGZTJvW4z8g2IffhOO4JHaLzKCdDOUEzVKtveoZkCuUX8eV2HAINqi7VFqlFndrnz/g=="
      },
      "Newtonsoft.Json": {
        "type": "Transitive",
        "resolved": "13.0.3",
        "contentHash": "HrC5BXdl00IP9zeV+0Z848QWPAoCr9P3bDEZguI+gkLcBKAOxix/tLEAAHC+UvDNPv4a2d18lOReHMOagPa+zQ=="
      },
      "System.Configuration.ConfigurationManager": {
        "type": "Transitive",
        "resolved": "9.0.2",
        "contentHash": "pX5GhR4/mfYUbebRdINO6P4B8stIbVWaAWGgWzYO1eC30nUVpCQdzQjKwCPhtLdzjR3d/q+MQ0sRG3B1GLSyqw==",
        "dependencies": {
          "System.Diagnostics.EventLog": "9.0.2",
          "System.Security.Cryptography.ProtectedData": "9.0.2"
        }
      },
      "System.Diagnostics.EventLog": {
        "type": "Transitive",
        "resolved": "9.0.2",
        "contentHash": "i+Fe6Fpst/onydFLBGilCr/Eh9OFdlaTU/c3alPp6IbLZXQJOgpIu3l4MOnmsN8fDYq5nAyHSqNIJesc74Yw3Q=="
      },
      "System.Security.Cryptography.ProtectedData": {
        "type": "Transitive",
        "resolved": "9.0.2",
        "contentHash": "+z9JWtU9di45tW/w6zpuJms4SnAAqKY2Usmmxs7MpOhxWoIeR2pKl1vEkaFbEx52ZfrMFcZXsFe+8WERMozzGg=="
      },
      "infopanel.plugins": {
        "type": "Project"
      }
    },
    "net8.0-windows7.0/win-x64": {
      "System.Diagnostics.PerformanceCounter": {
        "type": "Direct",
        "requested": "[9.0.2, )",
        "resolved": "9.0.2",
        "contentHash": "hRq8SBG2CYALIJqOYLsZW749wITem4JTXIL0YxYfovWSbCKF6Eu1AEMJ54Va1rg2I5o3aTD6QvBaRw4x/v7Sfw==",
        "dependencies": {
          "System.Configuration.ConfigurationManager": "9.0.2"
        }
      },
      "System.Diagnostics.EventLog": {
        "type": "Transitive",
        "resolved": "9.0.2",
        "contentHash": "i+Fe6Fpst/onydFLBGilCr/Eh9OFdlaTU/c3alPp6IbLZXQJOgpIu3l4MOnmsN8fDYq5nAyHSqNIJesc74Yw3Q=="
      }
    }
  }
}